// !$*UTF8*$!
{
	archiveVersion = 1;
	classes = {
	};
	objectVersion = 48;
	objects = {

/* Begin PBXBuildFile section */
		477370A1AF834612F28FB88E /* Pods_Verbage.framework in Frameworks */ = {isa = PBXBuildFile; fileRef = 4DE8AB47336CD59F5B7A127A /* Pods_Verbage.framework */; };
		815928C8208D4C5900689B86 /* LoginViewController.swift in Sources */ = {isa = PBXBuildFile; fileRef = 815928C7208D4C5900689B86 /* LoginViewController.swift */; };
		815928CA208D5D7D00689B86 /* UIColor+Hex.swift in Sources */ = {isa = PBXBuildFile; fileRef = 815928C9208D5D7D00689B86 /* UIColor+Hex.swift */; };
		81FC472E2088F9FC00A98EE4 /* AppDelegate.swift in Sources */ = {isa = PBXBuildFile; fileRef = 81FC472D2088F9FC00A98EE4 /* AppDelegate.swift */; };
		81FC47332088F9FC00A98EE4 /* Main.storyboard in Resources */ = {isa = PBXBuildFile; fileRef = 81FC47312088F9FC00A98EE4 /* Main.storyboard */; };
		81FC47352088F9FC00A98EE4 /* Assets.xcassets in Resources */ = {isa = PBXBuildFile; fileRef = 81FC47342088F9FC00A98EE4 /* Assets.xcassets */; };
		81FC47382088F9FC00A98EE4 /* LaunchScreen.storyboard in Resources */ = {isa = PBXBuildFile; fileRef = 81FC47362088F9FC00A98EE4 /* LaunchScreen.storyboard */; };
		81FC47402088FA4D00A98EE4 /* GoogleService-Info.plist in Resources */ = {isa = PBXBuildFile; fileRef = 81FC473F2088FA4D00A98EE4 /* GoogleService-Info.plist */; };
		81FC474720893D0900A98EE4 /* LoginView.swift in Sources */ = {isa = PBXBuildFile; fileRef = 81FC474620893D0900A98EE4 /* LoginView.swift */; };
/* End PBXBuildFile section */

/* Begin PBXFileReference section */
		2A94E208ED69FF625C3E312E /* Pods-Verbage.release.xcconfig */ = {isa = PBXFileReference; includeInIndex = 1; lastKnownFileType = text.xcconfig; name = "Pods-Verbage.release.xcconfig"; path = "Pods/Target Support Files/Pods-Verbage/Pods-Verbage.release.xcconfig"; sourceTree = "<group>"; };
		4DE8AB47336CD59F5B7A127A /* Pods_Verbage.framework */ = {isa = PBXFileReference; explicitFileType = wrapper.framework; includeInIndex = 0; path = Pods_Verbage.framework; sourceTree = BUILT_PRODUCTS_DIR; };
		815928C7208D4C5900689B86 /* LoginViewController.swift */ = {isa = PBXFileReference; lastKnownFileType = sourcecode.swift; path = LoginViewController.swift; sourceTree = "<group>"; };
		815928C9208D5D7D00689B86 /* UIColor+Hex.swift */ = {isa = PBXFileReference; lastKnownFileType = sourcecode.swift; path = "UIColor+Hex.swift"; sourceTree = "<group>"; };
		81FC472A2088F9FC00A98EE4 /* Verbage.app */ = {isa = PBXFileReference; explicitFileType = wrapper.application; includeInIndex = 0; path = Verbage.app; sourceTree = BUILT_PRODUCTS_DIR; };
		81FC472D2088F9FC00A98EE4 /* AppDelegate.swift */ = {isa = PBXFileReference; lastKnownFileType = sourcecode.swift; path = AppDelegate.swift; sourceTree = "<group>"; };
		81FC47322088F9FC00A98EE4 /* Base */ = {isa = PBXFileReference; lastKnownFileType = file.storyboard; name = Base; path = Base.lproj/Main.storyboard; sourceTree = "<group>"; };
		81FC47342088F9FC00A98EE4 /* Assets.xcassets */ = {isa = PBXFileReference; lastKnownFileType = folder.assetcatalog; path = Assets.xcassets; sourceTree = "<group>"; };
		81FC47372088F9FC00A98EE4 /* Base */ = {isa = PBXFileReference; lastKnownFileType = file.storyboard; name = Base; path = Base.lproj/LaunchScreen.storyboard; sourceTree = "<group>"; };
		81FC47392088F9FC00A98EE4 /* Info.plist */ = {isa = PBXFileReference; lastKnownFileType = text.plist.xml; path = Info.plist; sourceTree = "<group>"; };
		81FC473F2088FA4D00A98EE4 /* GoogleService-Info.plist */ = {isa = PBXFileReference; fileEncoding = 4; lastKnownFileType = text.plist.xml; path = "GoogleService-Info.plist"; sourceTree = "<group>"; };
		81FC474620893D0900A98EE4 /* LoginView.swift */ = {isa = PBXFileReference; lastKnownFileType = sourcecode.swift; path = LoginView.swift; sourceTree = "<group>"; };
		97F9EF1851BF18C36BAF4CE4 /* Pods-Verbage.debug.xcconfig */ = {isa = PBXFileReference; includeInIndex = 1; lastKnownFileType = text.xcconfig; name = "Pods-Verbage.debug.xcconfig"; path = "Pods/Target Support Files/Pods-Verbage/Pods-Verbage.debug.xcconfig"; sourceTree = "<group>"; };
/* End PBXFileReference section */

/* Begin PBXFrameworksBuildPhase section */
		81FC47272088F9FC00A98EE4 /* Frameworks */ = {
			isa = PBXFrameworksBuildPhase;
			buildActionMask = 2147483647;
			files = (
				477370A1AF834612F28FB88E /* Pods_Verbage.framework in Frameworks */,
			);
			runOnlyForDeploymentPostprocessing = 0;
		};
/* End PBXFrameworksBuildPhase section */

/* Begin PBXGroup section */
		8104A6C720939A470020FC36 /* Cells */ = {
			isa = PBXGroup;
			children = (
			);
			path = Cells;
			sourceTree = "<group>";
		};
		81FC47212088F9FC00A98EE4 = {
			isa = PBXGroup;
			children = (
				81FC472C2088F9FC00A98EE4 /* Verbage */,
				81FC472B2088F9FC00A98EE4 /* Products */,
				DD5F597CD2D78EA0A0E3EFA1 /* Pods */,
				9D27C4CBB683E686AD8294A5 /* Frameworks */,
			);
			sourceTree = "<group>";
		};
		81FC472B2088F9FC00A98EE4 /* Products */ = {
			isa = PBXGroup;
			children = (
				81FC472A2088F9FC00A98EE4 /* Verbage.app */,
			);
			name = Products;
			sourceTree = "<group>";
		};
		81FC472C2088F9FC00A98EE4 /* Verbage */ = {
			isa = PBXGroup;
			children = (
				81FC47452088FAF900A98EE4 /* Services */,
				81FC47412088FA6B00A98EE4 /* Models */,
				8104A6C720939A470020FC36 /* Cells */,
				81FC47422088FA7600A98EE4 /* Views */,
				81FC47432088FA7F00A98EE4 /* ViewControllers */,
				81FC47482089550700A98EE4 /* SupportingFiles */,
			);
			path = Verbage;
			sourceTree = "<group>";
		};
		81FC47412088FA6B00A98EE4 /* Models */ = {
			isa = PBXGroup;
			children = (
				815928C9208D5D7D00689B86 /* UIColor+Hex.swift */,
			);
			path = Models;
			sourceTree = "<group>";
		};
		81FC47422088FA7600A98EE4 /* Views */ = {
			isa = PBXGroup;
			children = (
				81FC474620893D0900A98EE4 /* LoginView.swift */,
			);
			path = Views;
			sourceTree = "<group>";
		};
		81FC47432088FA7F00A98EE4 /* ViewControllers */ = {
			isa = PBXGroup;
			children = (
				815928C7208D4C5900689B86 /* LoginViewController.swift */,
			);
			path = ViewControllers;
			sourceTree = "<group>";
		};
		81FC47452088FAF900A98EE4 /* Services */ = {
			isa = PBXGroup;
			children = (
			);
			path = Services;
			sourceTree = "<group>";
		};
		81FC47482089550700A98EE4 /* SupportingFiles */ = {
			isa = PBXGroup;
			children = (
				81FC472D2088F9FC00A98EE4 /* AppDelegate.swift */,
				81FC47342088F9FC00A98EE4 /* Assets.xcassets */,
				81FC47312088F9FC00A98EE4 /* Main.storyboard */,
				81FC47362088F9FC00A98EE4 /* LaunchScreen.storyboard */,
				81FC47392088F9FC00A98EE4 /* Info.plist */,
				81FC473F2088FA4D00A98EE4 /* GoogleService-Info.plist */,
			);
			path = SupportingFiles;
			sourceTree = "<group>";
		};
		9D27C4CBB683E686AD8294A5 /* Frameworks */ = {
			isa = PBXGroup;
			children = (
				4DE8AB47336CD59F5B7A127A /* Pods_Verbage.framework */,
			);
			name = Frameworks;
			sourceTree = "<group>";
		};
		DD5F597CD2D78EA0A0E3EFA1 /* Pods */ = {
			isa = PBXGroup;
			children = (
				97F9EF1851BF18C36BAF4CE4 /* Pods-Verbage.debug.xcconfig */,
				2A94E208ED69FF625C3E312E /* Pods-Verbage.release.xcconfig */,
			);
			name = Pods;
			sourceTree = "<group>";
		};
/* End PBXGroup section */

/* Begin PBXNativeTarget section */
		81FC47292088F9FC00A98EE4 /* Verbage */ = {
			isa = PBXNativeTarget;
			buildConfigurationList = 81FC473C2088F9FC00A98EE4 /* Build configuration list for PBXNativeTarget "Verbage" */;
			buildPhases = (
				2C381248903169C265966AEF /* [CP] Check Pods Manifest.lock */,
				81FC47262088F9FC00A98EE4 /* Sources */,
				81FC47272088F9FC00A98EE4 /* Frameworks */,
				81FC47282088F9FC00A98EE4 /* Resources */,
				6DBEEE80B90C53F7F3329D85 /* [CP] Embed Pods Frameworks */,
				D807952D5288964C18D00E4F /* [CP] Copy Pods Resources */,
			);
			buildRules = (
			);
			dependencies = (
			);
			name = Verbage;
			productName = Verbage;
			productReference = 81FC472A2088F9FC00A98EE4 /* Verbage.app */;
			productType = "com.apple.product-type.application";
		};
/* End PBXNativeTarget section */

/* Begin PBXProject section */
		81FC47222088F9FC00A98EE4 /* Project object */ = {
			isa = PBXProject;
			attributes = {
				LastSwiftUpdateCheck = 0920;
				LastUpgradeCheck = 0920;
				ORGANIZATIONNAME = "Vikash Hart";
				TargetAttributes = {
					81FC47292088F9FC00A98EE4 = {
						CreatedOnToolsVersion = 9.2;
						ProvisioningStyle = Automatic;
					};
				};
			};
			buildConfigurationList = 81FC47252088F9FC00A98EE4 /* Build configuration list for PBXProject "Verbage" */;
			compatibilityVersion = "Xcode 8.0";
			developmentRegion = en;
			hasScannedForEncodings = 0;
			knownRegions = (
				en,
				Base,
			);
			mainGroup = 81FC47212088F9FC00A98EE4;
			productRefGroup = 81FC472B2088F9FC00A98EE4 /* Products */;
			projectDirPath = "";
			projectRoot = "";
			targets = (
				81FC47292088F9FC00A98EE4 /* Verbage */,
			);
		};
/* End PBXProject section */

/* Begin PBXResourcesBuildPhase section */
		81FC47282088F9FC00A98EE4 /* Resources */ = {
			isa = PBXResourcesBuildPhase;
			buildActionMask = 2147483647;
			files = (
				81FC47382088F9FC00A98EE4 /* LaunchScreen.storyboard in Resources */,
				81FC47402088FA4D00A98EE4 /* GoogleService-Info.plist in Resources */,
				81FC47352088F9FC00A98EE4 /* Assets.xcassets in Resources */,
				81FC47332088F9FC00A98EE4 /* Main.storyboard in Resources */,
			);
			runOnlyForDeploymentPostprocessing = 0;
		};
/* End PBXResourcesBuildPhase section */

/* Begin PBXShellScriptBuildPhase section */
		2C381248903169C265966AEF /* [CP] Check Pods Manifest.lock */ = {
			isa = PBXShellScriptBuildPhase;
			buildActionMask = 2147483647;
			files = (
			);
			inputPaths = (
				"${PODS_PODFILE_DIR_PATH}/Podfile.lock",
				"${PODS_ROOT}/Manifest.lock",
			);
			name = "[CP] Check Pods Manifest.lock";
			outputPaths = (
				"$(DERIVED_FILE_DIR)/Pods-Verbage-checkManifestLockResult.txt",
			);
			runOnlyForDeploymentPostprocessing = 0;
			shellPath = /bin/sh;
			shellScript = "diff \"${PODS_PODFILE_DIR_PATH}/Podfile.lock\" \"${PODS_ROOT}/Manifest.lock\" > /dev/null\nif [ $? != 0 ] ; then\n    # print error to STDERR\n    echo \"error: The sandbox is not in sync with the Podfile.lock. Run 'pod install' or update your CocoaPods installation.\" >&2\n    exit 1\nfi\n# This output is used by Xcode 'outputs' to avoid re-running this script phase.\necho \"SUCCESS\" > \"${SCRIPT_OUTPUT_FILE_0}\"\n";
			showEnvVarsInLog = 0;
		};
		6DBEEE80B90C53F7F3329D85 /* [CP] Embed Pods Frameworks */ = {
			isa = PBXShellScriptBuildPhase;
			buildActionMask = 2147483647;
			files = (
			);
			inputPaths = (
				"${SRCROOT}/Pods/Target Support Files/Pods-Verbage/Pods-Verbage-frameworks.sh",
				"${BUILT_PRODUCTS_DIR}/GTMSessionFetcher/GTMSessionFetcher.framework",
				"${BUILT_PRODUCTS_DIR}/GoogleToolboxForMac/GoogleToolboxForMac.framework",
				"${BUILT_PRODUCTS_DIR}/Material/Material.framework",
				"${BUILT_PRODUCTS_DIR}/Motion/Motion.framework",
				"${BUILT_PRODUCTS_DIR}/Pastel/Pastel.framework",
				"${BUILT_PRODUCTS_DIR}/leveldb-library/leveldb.framework",
				"${BUILT_PRODUCTS_DIR}/nanopb/nanopb.framework",
			);
			name = "[CP] Embed Pods Frameworks";
			outputPaths = (
				"${TARGET_BUILD_DIR}/${FRAMEWORKS_FOLDER_PATH}/GTMSessionFetcher.framework",
				"${TARGET_BUILD_DIR}/${FRAMEWORKS_FOLDER_PATH}/GoogleToolboxForMac.framework",
				"${TARGET_BUILD_DIR}/${FRAMEWORKS_FOLDER_PATH}/Material.framework",
				"${TARGET_BUILD_DIR}/${FRAMEWORKS_FOLDER_PATH}/Motion.framework",
				"${TARGET_BUILD_DIR}/${FRAMEWORKS_FOLDER_PATH}/Pastel.framework",
				"${TARGET_BUILD_DIR}/${FRAMEWORKS_FOLDER_PATH}/leveldb.framework",
				"${TARGET_BUILD_DIR}/${FRAMEWORKS_FOLDER_PATH}/nanopb.framework",
			);
			runOnlyForDeploymentPostprocessing = 0;
			shellPath = /bin/sh;
			shellScript = "\"${SRCROOT}/Pods/Target Support Files/Pods-Verbage/Pods-Verbage-frameworks.sh\"\n";
			showEnvVarsInLog = 0;
		};
		D807952D5288964C18D00E4F /* [CP] Copy Pods Resources */ = {
			isa = PBXShellScriptBuildPhase;
			buildActionMask = 2147483647;
			files = (
			);
			inputPaths = (
			);
			name = "[CP] Copy Pods Resources";
			outputPaths = (
			);
			runOnlyForDeploymentPostprocessing = 0;
			shellPath = /bin/sh;
			shellScript = "\"${SRCROOT}/Pods/Target Support Files/Pods-Verbage/Pods-Verbage-resources.sh\"\n";
			showEnvVarsInLog = 0;
		};
/* End PBXShellScriptBuildPhase section */

/* Begin PBXSourcesBuildPhase section */
		81FC47262088F9FC00A98EE4 /* Sources */ = {
			isa = PBXSourcesBuildPhase;
			buildActionMask = 2147483647;
			files = (
				815928C8208D4C5900689B86 /* LoginViewController.swift in Sources */,
				815928CA208D5D7D00689B86 /* UIColor+Hex.swift in Sources */,
				81FC474720893D0900A98EE4 /* LoginView.swift in Sources */,
				81FC472E2088F9FC00A98EE4 /* AppDelegate.swift in Sources */,
			);
			runOnlyForDeploymentPostprocessing = 0;
		};
/* End PBXSourcesBuildPhase section */

/* Begin PBXVariantGroup section */
		81FC47312088F9FC00A98EE4 /* Main.storyboard */ = {
			isa = PBXVariantGroup;
			children = (
				81FC47322088F9FC00A98EE4 /* Base */,
			);
			name = Main.storyboard;
			sourceTree = "<group>";
		};
		81FC47362088F9FC00A98EE4 /* LaunchScreen.storyboard */ = {
			isa = PBXVariantGroup;
			children = (
				81FC47372088F9FC00A98EE4 /* Base */,
			);
			name = LaunchScreen.storyboard;
			sourceTree = "<group>";
		};
/* End PBXVariantGroup section */

/* Begin XCBuildConfiguration section */
		81FC473A2088F9FC00A98EE4 /* Debug */ = {
			isa = XCBuildConfiguration;
			buildSettings = {
				ALWAYS_SEARCH_USER_PATHS = NO;
				CLANG_ANALYZER_NONNULL = YES;
				CLANG_ANALYZER_NUMBER_OBJECT_CONVERSION = YES_AGGRESSIVE;
				CLANG_CXX_LANGUAGE_STANDARD = "gnu++14";
				CLANG_CXX_LIBRARY = "libc++";
				CLANG_ENABLE_MODULES = YES;
				CLANG_ENABLE_OBJC_ARC = YES;
				CLANG_WARN_BLOCK_CAPTURE_AUTORELEASING = YES;
				CLANG_WARN_BOOL_CONVERSION = YES;
				CLANG_WARN_COMMA = YES;
				CLANG_WARN_CONSTANT_CONVERSION = YES;
				CLANG_WARN_DIRECT_OBJC_ISA_USAGE = YES_ERROR;
				CLANG_WARN_DOCUMENTATION_COMMENTS = YES;
				CLANG_WARN_EMPTY_BODY = YES;
				CLANG_WARN_ENUM_CONVERSION = YES;
				CLANG_WARN_INFINITE_RECURSION = YES;
				CLANG_WARN_INT_CONVERSION = YES;
				CLANG_WARN_NON_LITERAL_NULL_CONVERSION = YES;
				CLANG_WARN_OBJC_LITERAL_CONVERSION = YES;
				CLANG_WARN_OBJC_ROOT_CLASS = YES_ERROR;
				CLANG_WARN_RANGE_LOOP_ANALYSIS = YES;
				CLANG_WARN_STRICT_PROTOTYPES = YES;
				CLANG_WARN_SUSPICIOUS_MOVE = YES;
				CLANG_WARN_UNGUARDED_AVAILABILITY = YES_AGGRESSIVE;
				CLANG_WARN_UNREACHABLE_CODE = YES;
				CLANG_WARN__DUPLICATE_METHOD_MATCH = YES;
				CODE_SIGN_IDENTITY = "iPhone Developer";
				COPY_PHASE_STRIP = NO;
				DEBUG_INFORMATION_FORMAT = dwarf;
				ENABLE_STRICT_OBJC_MSGSEND = YES;
				ENABLE_TESTABILITY = YES;
				GCC_C_LANGUAGE_STANDARD = gnu11;
				GCC_DYNAMIC_NO_PIC = NO;
				GCC_NO_COMMON_BLOCKS = YES;
				GCC_OPTIMIZATION_LEVEL = 0;
				GCC_PREPROCESSOR_DEFINITIONS = (
					"DEBUG=1",
					"$(inherited)",
				);
				GCC_WARN_64_TO_32_BIT_CONVERSION = YES;
				GCC_WARN_ABOUT_RETURN_TYPE = YES_ERROR;
				GCC_WARN_UNDECLARED_SELECTOR = YES;
				GCC_WARN_UNINITIALIZED_AUTOS = YES_AGGRESSIVE;
				GCC_WARN_UNUSED_FUNCTION = YES;
				GCC_WARN_UNUSED_VARIABLE = YES;
				IPHONEOS_DEPLOYMENT_TARGET = 11.2;
				MTL_ENABLE_DEBUG_INFO = YES;
				ONLY_ACTIVE_ARCH = YES;
				SDKROOT = iphoneos;
				SWIFT_ACTIVE_COMPILATION_CONDITIONS = DEBUG;
				SWIFT_OPTIMIZATION_LEVEL = "-Onone";
			};
			name = Debug;
		};
		81FC473B2088F9FC00A98EE4 /* Release */ = {
			isa = XCBuildConfiguration;
			buildSettings = {
				ALWAYS_SEARCH_USER_PATHS = NO;
				CLANG_ANALYZER_NONNULL = YES;
				CLANG_ANALYZER_NUMBER_OBJECT_CONVERSION = YES_AGGRESSIVE;
				CLANG_CXX_LANGUAGE_STANDARD = "gnu++14";
				CLANG_CXX_LIBRARY = "libc++";
				CLANG_ENABLE_MODULES = YES;
				CLANG_ENABLE_OBJC_ARC = YES;
				CLANG_WARN_BLOCK_CAPTURE_AUTORELEASING = YES;
				CLANG_WARN_BOOL_CONVERSION = YES;
				CLANG_WARN_COMMA = YES;
				CLANG_WARN_CONSTANT_CONVERSION = YES;
				CLANG_WARN_DIRECT_OBJC_ISA_USAGE = YES_ERROR;
				CLANG_WARN_DOCUMENTATION_COMMENTS = YES;
				CLANG_WARN_EMPTY_BODY = YES;
				CLANG_WARN_ENUM_CONVERSION = YES;
				CLANG_WARN_INFINITE_RECURSION = YES;
				CLANG_WARN_INT_CONVERSION = YES;
				CLANG_WARN_NON_LITERAL_NULL_CONVERSION = YES;
				CLANG_WARN_OBJC_LITERAL_CONVERSION = YES;
				CLANG_WARN_OBJC_ROOT_CLASS = YES_ERROR;
				CLANG_WARN_RANGE_LOOP_ANALYSIS = YES;
				CLANG_WARN_STRICT_PROTOTYPES = YES;
				CLANG_WARN_SUSPICIOUS_MOVE = YES;
				CLANG_WARN_UNGUARDED_AVAILABILITY = YES_AGGRESSIVE;
				CLANG_WARN_UNREACHABLE_CODE = YES;
				CLANG_WARN__DUPLICATE_METHOD_MATCH = YES;
				CODE_SIGN_IDENTITY = "iPhone Developer";
				COPY_PHASE_STRIP = NO;
				DEBUG_INFORMATION_FORMAT = "dwarf-with-dsym";
				ENABLE_NS_ASSERTIONS = NO;
				ENABLE_STRICT_OBJC_MSGSEND = YES;
				GCC_C_LANGUAGE_STANDARD = gnu11;
				GCC_NO_COMMON_BLOCKS = YES;
				GCC_WARN_64_TO_32_BIT_CONVERSION = YES;
				GCC_WARN_ABOUT_RETURN_TYPE = YES_ERROR;
				GCC_WARN_UNDECLARED_SELECTOR = YES;
				GCC_WARN_UNINITIALIZED_AUTOS = YES_AGGRESSIVE;
				GCC_WARN_UNUSED_FUNCTION = YES;
				GCC_WARN_UNUSED_VARIABLE = YES;
				IPHONEOS_DEPLOYMENT_TARGET = 11.2;
				MTL_ENABLE_DEBUG_INFO = NO;
				SDKROOT = iphoneos;
				SWIFT_OPTIMIZATION_LEVEL = "-Owholemodule";
				VALIDATE_PRODUCT = YES;
			};
			name = Release;
		};
		81FC473D2088F9FC00A98EE4 /* Debug */ = {
			isa = XCBuildConfiguration;
			baseConfigurationReference = 97F9EF1851BF18C36BAF4CE4 /* Pods-Verbage.debug.xcconfig */;
			buildSettings = {
				ASSETCATALOG_COMPILER_APPICON_NAME = AppIcon;
				CODE_SIGN_STYLE = Automatic;
				INFOPLIST_FILE = "$(SRCROOT)/Verbage/SupportingFiles/Info.plist";
				LD_RUNPATH_SEARCH_PATHS = "$(inherited) @executable_path/Frameworks";
				PRODUCT_BUNDLE_IDENTIFIER = "Vikash-Hart.Verbage";
				PRODUCT_NAME = "$(TARGET_NAME)";
				SWIFT_VERSION = 4.0;
				TARGETED_DEVICE_FAMILY = "1,2";
			};
			name = Debug;
		};
		81FC473E2088F9FC00A98EE4 /* Release */ = {
			isa = XCBuildConfiguration;
			baseConfigurationReference = 2A94E208ED69FF625C3E312E /* Pods-Verbage.release.xcconfig */;
			buildSettings = {
				ASSETCATALOG_COMPILER_APPICON_NAME = AppIcon;
				CODE_SIGN_STYLE = Automatic;
				INFOPLIST_FILE = "$(SRCROOT)/Verbage/SupportingFiles/Info.plist";
				LD_RUNPATH_SEARCH_PATHS = "$(inherited) @executable_path/Frameworks";
				PRODUCT_BUNDLE_IDENTIFIER = "Vikash-Hart.Verbage";
				PRODUCT_NAME = "$(TARGET_NAME)";
				SWIFT_VERSION = 4.0;
				TARGETED_DEVICE_FAMILY = "1,2";
			};
			name = Release;
		};
/* End XCBuildConfiguration section */

/* Begin XCConfigurationList section */
		81FC47252088F9FC00A98EE4 /* Build configuration list for PBXProject "Verbage" */ = {
			isa = XCConfigurationList;
			buildConfigurations = (
				81FC473A2088F9FC00A98EE4 /* Debug */,
				81FC473B2088F9FC00A98EE4 /* Release */,
			);
			defaultConfigurationIsVisible = 0;
			defaultConfigurationName = Release;
		};
		81FC473C2088F9FC00A98EE4 /* Build configuration list for PBXNativeTarget "Verbage" */ = {
			isa = XCConfigurationList;
			buildConfigurations = (
				81FC473D2088F9FC00A98EE4 /* Debug */,
				81FC473E2088F9FC00A98EE4 /* Release */,
			);
			defaultConfigurationIsVisible = 0;
			defaultConfigurationName = Release;
		};
/* End XCConfigurationList section */
	};
	rootObject = 81FC47222088F9FC00A98EE4 /* Project object */;
}
